// !$*UTF8*$!
{
	archiveVersion = 1;
	classes = {
	};
	objectVersion = 46;
	objects = {

/* Begin PBXBuildFile section */
		E4E8ACB418ED6ADA009F7626 /* Foundation.framework in Frameworks */ = {isa = PBXBuildFile; fileRef = E4E8ACB318ED6ADA009F7626 /* Foundation.framework */; };
		E4E8ACB618ED6ADA009F7626 /* CoreGraphics.framework in Frameworks */ = {isa = PBXBuildFile; fileRef = E4E8ACB518ED6ADA009F7626 /* CoreGraphics.framework */; };
		E4E8ACB818ED6ADA009F7626 /* UIKit.framework in Frameworks */ = {isa = PBXBuildFile; fileRef = E4E8ACB718ED6ADA009F7626 /* UIKit.framework */; };
		E4E8ACBE18ED6ADA009F7626 /* InfoPlist.strings in Resources */ = {isa = PBXBuildFile; fileRef = E4E8ACBC18ED6ADA009F7626 /* InfoPlist.strings */; };
		E4E8ACC018ED6ADA009F7626 /* main.m in Sources */ = {isa = PBXBuildFile; fileRef = E4E8ACBF18ED6ADA009F7626 /* main.m */; };
		E4E8ACC418ED6ADA009F7626 /* AppDelegate.m in Sources */ = {isa = PBXBuildFile; fileRef = E4E8ACC318ED6ADA009F7626 /* AppDelegate.m */; };
		E4E8ACC718ED6ADA009F7626 /* Main.storyboard in Resources */ = {isa = PBXBuildFile; fileRef = E4E8ACC518ED6ADA009F7626 /* Main.storyboard */; };
		E4E8ACCA18ED6ADA009F7626 /* SessionListViewController.m in Sources */ = {isa = PBXBuildFile; fileRef = E4E8ACC918ED6ADA009F7626 /* SessionListViewController.m */; };
		E4E8ACCC18ED6ADA009F7626 /* Images.xcassets in Resources */ = {isa = PBXBuildFile; fileRef = E4E8ACCB18ED6ADA009F7626 /* Images.xcassets */; };
		E4E8ACD318ED6ADB009F7626 /* XCTest.framework in Frameworks */ = {isa = PBXBuildFile; fileRef = E4E8ACD218ED6ADB009F7626 /* XCTest.framework */; };
		E4E8ACD418ED6ADB009F7626 /* Foundation.framework in Frameworks */ = {isa = PBXBuildFile; fileRef = E4E8ACB318ED6ADA009F7626 /* Foundation.framework */; };
		E4E8ACD518ED6ADB009F7626 /* UIKit.framework in Frameworks */ = {isa = PBXBuildFile; fileRef = E4E8ACB718ED6ADA009F7626 /* UIKit.framework */; };
		E4E8ACDD18ED6ADB009F7626 /* InfoPlist.strings in Resources */ = {isa = PBXBuildFile; fileRef = E4E8ACDB18ED6ADB009F7626 /* InfoPlist.strings */; };
		E4E8ACDF18ED6ADB009F7626 /* TechCloudTests.m in Sources */ = {isa = PBXBuildFile; fileRef = E4E8ACDE18ED6ADB009F7626 /* TechCloudTests.m */; };
		E4F61DCD18EE8CF0007C1ED1 /* SessionListViewController.xib in Resources */ = {isa = PBXBuildFile; fileRef = E4F61DCC18EE8CF0007C1ED1 /* SessionListViewController.xib */; };
		E4F61DCF18EEA60B007C1ED1 /* RegisterTechView.xib in Resources */ = {isa = PBXBuildFile; fileRef = E4F61DCE18EEA60B007C1ED1 /* RegisterTechView.xib */; };
		E4F61DD118EEAAF3007C1ED1 /* SessionListCell.xib in Resources */ = {isa = PBXBuildFile; fileRef = E4F61DD018EEAAF3007C1ED1 /* SessionListCell.xib */; };
/* End PBXBuildFile section */

/* Begin PBXContainerItemProxy section */
		E4E8ACD618ED6ADB009F7626 /* PBXContainerItemProxy */ = {
			isa = PBXContainerItemProxy;
			containerPortal = E4E8ACA818ED6ADA009F7626 /* Project object */;
			proxyType = 1;
			remoteGlobalIDString = E4E8ACAF18ED6ADA009F7626;
			remoteInfo = TechCloud;
		};
/* End PBXContainerItemProxy section */

/* Begin PBXFileReference section */
		E4E8ACB018ED6ADA009F7626 /* TechCloud.app */ = {isa = PBXFileReference; explicitFileType = wrapper.application; includeInIndex = 0; path = TechCloud.app; sourceTree = BUILT_PRODUCTS_DIR; };
		E4E8ACB318ED6ADA009F7626 /* Foundation.framework */ = {isa = PBXFileReference; lastKnownFileType = wrapper.framework; name = Foundation.framework; path = System/Library/Frameworks/Foundation.framework; sourceTree = SDKROOT; };
		E4E8ACB518ED6ADA009F7626 /* CoreGraphics.framework */ = {isa = PBXFileReference; lastKnownFileType = wrapper.framework; name = CoreGraphics.framework; path = System/Library/Frameworks/CoreGraphics.framework; sourceTree = SDKROOT; };
		E4E8ACB718ED6ADA009F7626 /* UIKit.framework */ = {isa = PBXFileReference; lastKnownFileType = wrapper.framework; name = UIKit.framework; path = System/Library/Frameworks/UIKit.framework; sourceTree = SDKROOT; };
		E4E8ACBB18ED6ADA009F7626 /* TechCloud-Info.plist */ = {isa = PBXFileReference; lastKnownFileType = text.plist.xml; path = "TechCloud-Info.plist"; sourceTree = "<group>"; };
		E4E8ACBD18ED6ADA009F7626 /* en */ = {isa = PBXFileReference; lastKnownFileType = text.plist.strings; name = en; path = en.lproj/InfoPlist.strings; sourceTree = "<group>"; };
		E4E8ACBF18ED6ADA009F7626 /* main.m */ = {isa = PBXFileReference; lastKnownFileType = sourcecode.c.objc; path = main.m; sourceTree = "<group>"; };
		E4E8ACC118ED6ADA009F7626 /* TechCloud-Prefix.pch */ = {isa = PBXFileReference; lastKnownFileType = sourcecode.c.h; path = "TechCloud-Prefix.pch"; sourceTree = "<group>"; };
		E4E8ACC218ED6ADA009F7626 /* AppDelegate.h */ = {isa = PBXFileReference; lastKnownFileType = sourcecode.c.h; path = AppDelegate.h; sourceTree = "<group>"; };
		E4E8ACC318ED6ADA009F7626 /* AppDelegate.m */ = {isa = PBXFileReference; lastKnownFileType = sourcecode.c.objc; path = AppDelegate.m; sourceTree = "<group>"; };
		E4E8ACC618ED6ADA009F7626 /* Base */ = {isa = PBXFileReference; lastKnownFileType = file.storyboard; name = Base; path = Base.lproj/Main.storyboard; sourceTree = "<group>"; };
		E4E8ACC818ED6ADA009F7626 /* SessionListViewController.h */ = {isa = PBXFileReference; lastKnownFileType = sourcecode.c.h; path = SessionListViewController.h; sourceTree = "<group>"; };
		E4E8ACC918ED6ADA009F7626 /* SessionListViewController.m */ = {isa = PBXFileReference; lastKnownFileType = sourcecode.c.objc; path = SessionListViewController.m; sourceTree = "<group>"; };
		E4E8ACCB18ED6ADA009F7626 /* Images.xcassets */ = {isa = PBXFileReference; lastKnownFileType = folder.assetcatalog; path = Images.xcassets; sourceTree = "<group>"; };
		E4E8ACD118ED6ADB009F7626 /* TechCloudTests.xctest */ = {isa = PBXFileReference; explicitFileType = wrapper.cfbundle; includeInIndex = 0; path = TechCloudTests.xctest; sourceTree = BUILT_PRODUCTS_DIR; };
		E4E8ACD218ED6ADB009F7626 /* XCTest.framework */ = {isa = PBXFileReference; lastKnownFileType = wrapper.framework; name = XCTest.framework; path = Library/Frameworks/XCTest.framework; sourceTree = DEVELOPER_DIR; };
		E4E8ACDA18ED6ADB009F7626 /* TechCloudTests-Info.plist */ = {isa = PBXFileReference; lastKnownFileType = text.plist.xml; path = "TechCloudTests-Info.plist"; sourceTree = "<group>"; };
		E4E8ACDC18ED6ADB009F7626 /* en */ = {isa = PBXFileReference; lastKnownFileType = text.plist.strings; name = en; path = en.lproj/InfoPlist.strings; sourceTree = "<group>"; };
		E4E8ACDE18ED6ADB009F7626 /* TechCloudTests.m */ = {isa = PBXFileReference; lastKnownFileType = sourcecode.c.objc; path = TechCloudTests.m; sourceTree = "<group>"; };
		E4F61DCC18EE8CF0007C1ED1 /* SessionListViewController.xib */ = {isa = PBXFileReference; fileEncoding = 4; lastKnownFileType = file.xib; path = SessionListViewController.xib; sourceTree = "<group>"; };
		E4F61DCE18EEA60B007C1ED1 /* RegisterTechView.xib */ = {isa = PBXFileReference; fileEncoding = 4; lastKnownFileType = file.xib; path = RegisterTechView.xib; sourceTree = "<group>"; };
		E4F61DD018EEAAF3007C1ED1 /* SessionListCell.xib */ = {isa = PBXFileReference; fileEncoding = 4; lastKnownFileType = file.xib; path = SessionListCell.xib; sourceTree = "<group>"; };
/* End PBXFileReference section */

/* Begin PBXFrameworksBuildPhase section */
		E4E8ACAD18ED6ADA009F7626 /* Frameworks */ = {
			isa = PBXFrameworksBuildPhase;
			buildActionMask = 2147483647;
			files = (
				E4E8ACB618ED6ADA009F7626 /* CoreGraphics.framework in Frameworks */,
				E4E8ACB818ED6ADA009F7626 /* UIKit.framework in Frameworks */,
				E4E8ACB418ED6ADA009F7626 /* Foundation.framework in Frameworks */,
			);
			runOnlyForDeploymentPostprocessing = 0;
		};
		E4E8ACCE18ED6ADB009F7626 /* Frameworks */ = {
			isa = PBXFrameworksBuildPhase;
			buildActionMask = 2147483647;
			files = (
				E4E8ACD318ED6ADB009F7626 /* XCTest.framework in Frameworks */,
				E4E8ACD518ED6ADB009F7626 /* UIKit.framework in Frameworks */,
				E4E8ACD418ED6ADB009F7626 /* Foundation.framework in Frameworks */,
			);
			runOnlyForDeploymentPostprocessing = 0;
		};
/* End PBXFrameworksBuildPhase section */

/* Begin PBXGroup section */
		E4E8ACA718ED6ADA009F7626 = {
			isa = PBXGroup;
			children = (
				E4E8ACB918ED6ADA009F7626 /* TechCloud */,
				E4E8ACD818ED6ADB009F7626 /* TechCloudTests */,
				E4E8ACB218ED6ADA009F7626 /* Frameworks */,
				E4E8ACB118ED6ADA009F7626 /* Products */,
			);
			sourceTree = "<group>";
		};
		E4E8ACB118ED6ADA009F7626 /* Products */ = {
			isa = PBXGroup;
			children = (
				E4E8ACB018ED6ADA009F7626 /* TechCloud.app */,
				E4E8ACD118ED6ADB009F7626 /* TechCloudTests.xctest */,
			);
			name = Products;
			sourceTree = "<group>";
		};
		E4E8ACB218ED6ADA009F7626 /* Frameworks */ = {
			isa = PBXGroup;
			children = (
				E4E8ACB318ED6ADA009F7626 /* Foundation.framework */,
				E4E8ACB518ED6ADA009F7626 /* CoreGraphics.framework */,
				E4E8ACB718ED6ADA009F7626 /* UIKit.framework */,
				E4E8ACD218ED6ADB009F7626 /* XCTest.framework */,
			);
			name = Frameworks;
			sourceTree = "<group>";
		};
		E4E8ACB918ED6ADA009F7626 /* TechCloud */ = {
			isa = PBXGroup;
			children = (
				E4F61DD218EEAAF9007C1ED1 /* Components */,
				E4E8ACC218ED6ADA009F7626 /* AppDelegate.h */,
				E4E8ACC318ED6ADA009F7626 /* AppDelegate.m */,
				E4E8ACC518ED6ADA009F7626 /* Main.storyboard */,
				E4E8ACCB18ED6ADA009F7626 /* Images.xcassets */,
				E4E8ACBA18ED6ADA009F7626 /* Supporting Files */,
			);
			path = TechCloud;
			sourceTree = "<group>";
		};
		E4E8ACBA18ED6ADA009F7626 /* Supporting Files */ = {
			isa = PBXGroup;
			children = (
				E4E8ACBB18ED6ADA009F7626 /* TechCloud-Info.plist */,
				E4E8ACBC18ED6ADA009F7626 /* InfoPlist.strings */,
				E4E8ACBF18ED6ADA009F7626 /* main.m */,
				E4E8ACC118ED6ADA009F7626 /* TechCloud-Prefix.pch */,
			);
			name = "Supporting Files";
			sourceTree = "<group>";
		};
		E4E8ACD818ED6ADB009F7626 /* TechCloudTests */ = {
			isa = PBXGroup;
			children = (
				E4E8ACDE18ED6ADB009F7626 /* TechCloudTests.m */,
				E4E8ACD918ED6ADB009F7626 /* Supporting Files */,
			);
			path = TechCloudTests;
			sourceTree = "<group>";
		};
		E4E8ACD918ED6ADB009F7626 /* Supporting Files */ = {
			isa = PBXGroup;
			children = (
				E4E8ACDA18ED6ADB009F7626 /* TechCloudTests-Info.plist */,
				E4E8ACDB18ED6ADB009F7626 /* InfoPlist.strings */,
			);
			name = "Supporting Files";
			sourceTree = "<group>";
		};
		E4F61DD218EEAAF9007C1ED1 /* Components */ = {
			isa = PBXGroup;
			children = (
				E4F61DD418EEAB0D007C1ED1 /* User */,
				E4F61DD318EEAB01007C1ED1 /* Session */,
			);
			name = Components;
			sourceTree = "<group>";
		};
		E4F61DD318EEAB01007C1ED1 /* Session */ = {
			isa = PBXGroup;
			children = (
				E4F61DD018EEAAF3007C1ED1 /* SessionListCell.xib */,
				E4E8ACC818ED6ADA009F7626 /* SessionListViewController.h */,
				E4E8ACC918ED6ADA009F7626 /* SessionListViewController.m */,
				E4F61DCC18EE8CF0007C1ED1 /* SessionListViewController.xib */,
			);
			name = Session;
			sourceTree = "<group>";
		};
		E4F61DD418EEAB0D007C1ED1 /* User */ = {
			isa = PBXGroup;
			children = (
				E4F61DCE18EEA60B007C1ED1 /* RegisterTechView.xib */,
			);
			name = User;
			sourceTree = "<group>";
		};
/* End PBXGroup section */

/* Begin PBXNativeTarget section */
		E4E8ACAF18ED6ADA009F7626 /* TechCloud */ = {
			isa = PBXNativeTarget;
			buildConfigurationList = E4E8ACE218ED6ADB009F7626 /* Build configuration list for PBXNativeTarget "TechCloud" */;
			buildPhases = (
				E4E8ACAC18ED6ADA009F7626 /* Sources */,
				E4E8ACAD18ED6ADA009F7626 /* Frameworks */,
				E4E8ACAE18ED6ADA009F7626 /* Resources */,
			);
			buildRules = (
			);
			dependencies = (
			);
			name = TechCloud;
			productName = TechCloud;
			productReference = E4E8ACB018ED6ADA009F7626 /* TechCloud.app */;
			productType = "com.apple.product-type.application";
		};
		E4E8ACD018ED6ADB009F7626 /* TechCloudTests */ = {
			isa = PBXNativeTarget;
			buildConfigurationList = E4E8ACE518ED6ADB009F7626 /* Build configuration list for PBXNativeTarget "TechCloudTests" */;
			buildPhases = (
				E4E8ACCD18ED6ADB009F7626 /* Sources */,
				E4E8ACCE18ED6ADB009F7626 /* Frameworks */,
				E4E8ACCF18ED6ADB009F7626 /* Resources */,
			);
			buildRules = (
			);
			dependencies = (
				E4E8ACD718ED6ADB009F7626 /* PBXTargetDependency */,
			);
			name = TechCloudTests;
			productName = TechCloudTests;
			productReference = E4E8ACD118ED6ADB009F7626 /* TechCloudTests.xctest */;
			productType = "com.apple.product-type.bundle.unit-test";
		};
/* End PBXNativeTarget section */

/* Begin PBXProject section */
		E4E8ACA818ED6ADA009F7626 /* Project object */ = {
			isa = PBXProject;
			attributes = {
				LastUpgradeCheck = 0500;
				ORGANIZATIONNAME = PPC;
				TargetAttributes = {
					E4E8ACD018ED6ADB009F7626 = {
						TestTargetID = E4E8ACAF18ED6ADA009F7626;
					};
				};
			};
			buildConfigurationList = E4E8ACAB18ED6ADA009F7626 /* Build configuration list for PBXProject "TechCloud" */;
			compatibilityVersion = "Xcode 3.2";
			developmentRegion = English;
			hasScannedForEncodings = 0;
			knownRegions = (
				en,
				Base,
			);
			mainGroup = E4E8ACA718ED6ADA009F7626;
			productRefGroup = E4E8ACB118ED6ADA009F7626 /* Products */;
			projectDirPath = "";
			projectRoot = "";
			targets = (
				E4E8ACAF18ED6ADA009F7626 /* TechCloud */,
				E4E8ACD018ED6ADB009F7626 /* TechCloudTests */,
			);
		};
/* End PBXProject section */

/* Begin PBXResourcesBuildPhase section */
		E4E8ACAE18ED6ADA009F7626 /* Resources */ = {
			isa = PBXResourcesBuildPhase;
			buildActionMask = 2147483647;
			files = (
				E4F61DD118EEAAF3007C1ED1 /* SessionListCell.xib in Resources */,
				E4F61DCD18EE8CF0007C1ED1 /* SessionListViewController.xib in Resources */,
				E4F61DCF18EEA60B007C1ED1 /* RegisterTechView.xib in Resources */,
				E4E8ACCC18ED6ADA009F7626 /* Images.xcassets in Resources */,
				E4E8ACBE18ED6ADA009F7626 /* InfoPlist.strings in Resources */,
				E4E8ACC718ED6ADA009F7626 /* Main.storyboard in Resources */,
			);
			runOnlyForDeploymentPostprocessing = 0;
		};
		E4E8ACCF18ED6ADB009F7626 /* Resources */ = {
			isa = PBXResourcesBuildPhase;
			buildActionMask = 2147483647;
			files = (
				E4E8ACDD18ED6ADB009F7626 /* InfoPlist.strings in Resources */,
			);
			runOnlyForDeploymentPostprocessing = 0;
		};
/* End PBXResourcesBuildPhase section */

/* Begin PBXSourcesBuildPhase section */
		E4E8ACAC18ED6ADA009F7626 /* Sources */ = {
			isa = PBXSourcesBuildPhase;
			buildActionMask = 2147483647;
			files = (
				E4E8ACCA18ED6ADA009F7626 /* SessionListViewController.m in Sources */,
				E4E8ACC418ED6ADA009F7626 /* AppDelegate.m in Sources */,
				E4E8ACC018ED6ADA009F7626 /* main.m in Sources */,
			);
			runOnlyForDeploymentPostprocessing = 0;
		};
		E4E8ACCD18ED6ADB009F7626 /* Sources */ = {
			isa = PBXSourcesBuildPhase;
			buildActionMask = 2147483647;
			files = (
				E4E8ACDF18ED6ADB009F7626 /* TechCloudTests.m in Sources */,
			);
			runOnlyForDeploymentPostprocessing = 0;
		};
/* End PBXSourcesBuildPhase section */

/* Begin PBXTargetDependency section */
		E4E8ACD718ED6ADB009F7626 /* PBXTargetDependency */ = {
			isa = PBXTargetDependency;
			target = E4E8ACAF18ED6ADA009F7626 /* TechCloud */;
			targetProxy = E4E8ACD618ED6ADB009F7626 /* PBXContainerItemProxy */;
		};
/* End PBXTargetDependency section */

/* Begin PBXVariantGroup section */
		E4E8ACBC18ED6ADA009F7626 /* InfoPlist.strings */ = {
			isa = PBXVariantGroup;
			children = (
				E4E8ACBD18ED6ADA009F7626 /* en */,
			);
			name = InfoPlist.strings;
			sourceTree = "<group>";
		};
		E4E8ACC518ED6ADA009F7626 /* Main.storyboard */ = {
			isa = PBXVariantGroup;
			children = (
				E4E8ACC618ED6ADA009F7626 /* Base */,
			);
			name = Main.storyboard;
			sourceTree = "<group>";
		};
		E4E8ACDB18ED6ADB009F7626 /* InfoPlist.strings */ = {
			isa = PBXVariantGroup;
			children = (
				E4E8ACDC18ED6ADB009F7626 /* en */,
			);
			name = InfoPlist.strings;
			sourceTree = "<group>";
		};
/* End PBXVariantGroup section */

/* Begin XCBuildConfiguration section */
		E4E8ACE018ED6ADB009F7626 /* Debug */ = {
			isa = XCBuildConfiguration;
			buildSettings = {
				ALWAYS_SEARCH_USER_PATHS = NO;
				ARCHS = "$(ARCHS_STANDARD_INCLUDING_64_BIT)";
				CLANG_CXX_LANGUAGE_STANDARD = "gnu++0x";
				CLANG_CXX_LIBRARY = "libc++";
				CLANG_ENABLE_MODULES = YES;
				CLANG_ENABLE_OBJC_ARC = YES;
				CLANG_WARN_BOOL_CONVERSION = YES;
				CLANG_WARN_CONSTANT_CONVERSION = YES;
				CLANG_WARN_DIRECT_OBJC_ISA_USAGE = YES_ERROR;
				CLANG_WARN_EMPTY_BODY = YES;
				CLANG_WARN_ENUM_CONVERSION = YES;
				CLANG_WARN_INT_CONVERSION = YES;
				CLANG_WARN_OBJC_ROOT_CLASS = YES_ERROR;
				CLANG_WARN__DUPLICATE_METHOD_MATCH = YES;
				"CODE_SIGN_IDENTITY[sdk=iphoneos*]" = "iPhone Developer";
				COPY_PHASE_STRIP = NO;
				GCC_C_LANGUAGE_STANDARD = gnu99;
				GCC_DYNAMIC_NO_PIC = NO;
				GCC_OPTIMIZATION_LEVEL = 0;
				GCC_PREPROCESSOR_DEFINITIONS = (
					"DEBUG=1",
					"$(inherited)",
				);
				GCC_SYMBOLS_PRIVATE_EXTERN = NO;
				GCC_WARN_64_TO_32_BIT_CONVERSION = YES;
				GCC_WARN_ABOUT_RETURN_TYPE = YES_ERROR;
				GCC_WARN_UNDECLARED_SELECTOR = YES;
				GCC_WARN_UNINITIALIZED_AUTOS = YES;
				GCC_WARN_UNUSED_FUNCTION = YES;
				GCC_WARN_UNUSED_VARIABLE = YES;
				IPHONEOS_DEPLOYMENT_TARGET = 7.0;
				ONLY_ACTIVE_ARCH = YES;
				SDKROOT = iphoneos;
				TARGETED_DEVICE_FAMILY = 2;
			};
			name = Debug;
		};
		E4E8ACE118ED6ADB009F7626 /* Release */ = {
			isa = XCBuildConfiguration;
			buildSettings = {
				ALWAYS_SEARCH_USER_PATHS = NO;
				ARCHS = "$(ARCHS_STANDARD_INCLUDING_64_BIT)";
				CLANG_CXX_LANGUAGE_STANDARD = "gnu++0x";
				CLANG_CXX_LIBRARY = "libc++";
				CLANG_ENABLE_MODULES = YES;
				CLANG_ENABLE_OBJC_ARC = YES;
				CLANG_WARN_BOOL_CONVERSION = YES;
				CLANG_WARN_CONSTANT_CONVERSION = YES;
				CLANG_WARN_DIRECT_OBJC_ISA_USAGE = YES_ERROR;
				CLANG_WARN_EMPTY_BODY = YES;
				CLANG_WARN_ENUM_CONVERSION = YES;
				CLANG_WARN_INT_CONVERSION = YES;
				CLANG_WARN_OBJC_ROOT_CLASS = YES_ERROR;
				CLANG_WARN__DUPLICATE_METHOD_MATCH = YES;
				"CODE_SIGN_IDENTITY[sdk=iphoneos*]" = "iPhone Developer";
				COPY_PHASE_STRIP = YES;
				ENABLE_NS_ASSERTIONS = NO;
				GCC_C_LANGUAGE_STANDARD = gnu99;
				GCC_WARN_64_TO_32_BIT_CONVERSION = YES;
				GCC_WARN_ABOUT_RETURN_TYPE = YES_ERROR;
				GCC_WARN_UNDECLARED_SELECTOR = YES;
				GCC_WARN_UNINITIALIZED_AUTOS = YES;
				GCC_WARN_UNUSED_FUNCTION = YES;
				GCC_WARN_UNUSED_VARIABLE = YES;
				IPHONEOS_DEPLOYMENT_TARGET = 7.0;
				SDKROOT = iphoneos;
				TARGETED_DEVICE_FAMILY = 2;
				VALIDATE_PRODUCT = YES;
			};
			name = Release;
		};
		E4E8ACE318ED6ADB009F7626 /* Debug */ = {
			isa = XCBuildConfiguration;
			buildSettings = {
				ASSETCATALOG_COMPILER_APPICON_NAME = AppIcon;
				ASSETCATALOG_COMPILER_LAUNCHIMAGE_NAME = LaunchImage;
				GCC_PRECOMPILE_PREFIX_HEADER = YES;
				GCC_PREFIX_HEADER = "TechCloud/TechCloud-Prefix.pch";
				INFOPLIST_FILE = "TechCloud/TechCloud-Info.plist";
				PRODUCT_NAME = "$(TARGET_NAME)";
				WRAPPER_EXTENSION = app;
			};
			name = Debug;
		};
		E4E8ACE418ED6ADB009F7626 /* Release */ = {
			isa = XCBuildConfiguration;
			buildSettings = {
				ASSETCATALOG_COMPILER_APPICON_NAME = AppIcon;
				ASSETCATALOG_COMPILER_LAUNCHIMAGE_NAME = LaunchImage;
				GCC_PRECOMPILE_PREFIX_HEADER = YES;
				GCC_PREFIX_HEADER = "TechCloud/TechCloud-Prefix.pch";
				INFOPLIST_FILE = "TechCloud/TechCloud-Info.plist";
				PRODUCT_NAME = "$(TARGET_NAME)";
				WRAPPER_EXTENSION = app;
			};
			name = Release;
		};
		E4E8ACE618ED6ADB009F7626 /* Debug */ = {
			isa = XCBuildConfiguration;
			buildSettings = {
				ARCHS = "$(ARCHS_STANDARD_INCLUDING_64_BIT)";
				BUNDLE_LOADER = "$(BUILT_PRODUCTS_DIR)/TechCloud.app/TechCloud";
				FRAMEWORK_SEARCH_PATHS = (
					"$(SDKROOT)/Developer/Library/Frameworks",
					"$(inherited)",
					"$(DEVELOPER_FRAMEWORKS_DIR)",
				);
				GCC_PRECOMPILE_PREFIX_HEADER = YES;
				GCC_PREFIX_HEADER = "TechCloud/TechCloud-Prefix.pch";
				GCC_PREPROCESSOR_DEFINITIONS = (
					"DEBUG=1",
					"$(inherited)",
				);
				INFOPLIST_FILE = "TechCloudTests/TechCloudTests-Info.plist";
				PRODUCT_NAME = "$(TARGET_NAME)";
				TEST_HOST = "$(BUNDLE_LOADER)";
				WRAPPER_EXTENSION = xctest;
			};
			name = Debug;
		};
		E4E8ACE718ED6ADB009F7626 /* Release */ = {
			isa = XCBuildConfiguration;
			buildSettings = {
				ARCHS = "$(ARCHS_STANDARD_INCLUDING_64_BIT)";
				BUNDLE_LOADER = "$(BUILT_PRODUCTS_DIR)/TechCloud.app/TechCloud";
				FRAMEWORK_SEARCH_PATHS = (
					"$(SDKROOT)/Developer/Library/Frameworks",
					"$(inherited)",
					"$(DEVELOPER_FRAMEWORKS_DIR)",
				);
				GCC_PRECOMPILE_PREFIX_HEADER = YES;
				GCC_PREFIX_HEADER = "TechCloud/TechCloud-Prefix.pch";
				INFOPLIST_FILE = "TechCloudTests/TechCloudTests-Info.plist";
				PRODUCT_NAME = "$(TARGET_NAME)";
				TEST_HOST = "$(BUNDLE_LOADER)";
				WRAPPER_EXTENSION = xctest;
			};
			name = Release;
		};
/* End XCBuildConfiguration section */

/* Begin XCConfigurationList section */
		E4E8ACAB18ED6ADA009F7626 /* Build configuration list for PBXProject "TechCloud" */ = {
			isa = XCConfigurationList;
			buildConfigurations = (
				E4E8ACE018ED6ADB009F7626 /* Debug */,
				E4E8ACE118ED6ADB009F7626 /* Release */,
			);
			defaultConfigurationIsVisible = 0;
			defaultConfigurationName = Release;
		};
		E4E8ACE218ED6ADB009F7626 /* Build configuration list for PBXNativeTarget "TechCloud" */ = {
			isa = XCConfigurationList;
			buildConfigurations = (
				E4E8ACE318ED6ADB009F7626 /* Debug */,
				E4E8ACE418ED6ADB009F7626 /* Release */,
			);
			defaultConfigurationIsVisible = 0;
			defaultConfigurationName = Release;
		};
		E4E8ACE518ED6ADB009F7626 /* Build configuration list for PBXNativeTarget "TechCloudTests" */ = {
			isa = XCConfigurationList;
			buildConfigurations = (
				E4E8ACE618ED6ADB009F7626 /* Debug */,
				E4E8ACE718ED6ADB009F7626 /* Release */,
			);
			defaultConfigurationIsVisible = 0;
			defaultConfigurationName = Release;
		};
/* End XCConfigurationList section */
	};
	rootObject = E4E8ACA818ED6ADA009F7626 /* Project object */;
}
